
Microsoft Visual Studio Solution File, Format Version 12.00
# Visual Studio 2015
Project("{FAE04EC0-301F-11D3-BF4B-00C04F79EFBC}") = "Project -v1.0.2 - 4.2.0.CSharp", "Project -v1.0.2 - 4.2.0.CSharp.csproj", "{A9C38F30-B63E-98BB-836E-AE9C4DE41DB5}"
EndProject
Project("{FAE04EC0-301F-11D3-BF4B-00C04F79EFBC}") = "Project -v1.0.2 - 4.2.0.CSharp.Editor", "Project -v1.0.2 - 4.2.0.CSharp.Editor.csproj", "{E17E0760-16D7-5089-8065-E047FCA64AFE}"
EndProject
Global
	GlobalSection(SolutionConfigurationPlatforms) = preSolution
		Debug|Any CPU = Debug|Any CPU
		Release|Any CPU = Release|Any CPU
	EndGlobalSection
	GlobalSection(ProjectConfigurationPlatforms) = postSolution
		{A9C38F30-B63E-98BB-836E-AE9C4DE41DB5}.Debug|Any CPU.ActiveCfg = Debug|Any CPU
		{A9C38F30-B63E-98BB-836E-AE9C4DE41DB5}.Debug|Any CPU.Build.0 = Debug|Any CPU
		{A9C38F30-B63E-98BB-836E-AE9C4DE41DB5}.Release|Any CPU.ActiveCfg = Release|Any CPU
		{A9C38F30-B63E-98BB-836E-AE9C4DE41DB5}.Release|Any CPU.Build.0 = Release|Any CPU
		{E17E0760-16D7-5089-8065-E047FCA64AFE}.Debug|Any CPU.ActiveCfg = Debug|Any CPU
		{E17E0760-16D7-5089-8065-E047FCA64AFE}.Debug|Any CPU.Build.0 = Debug|Any CPU
		{E17E0760-16D7-5089-8065-E047FCA64AFE}.Release|Any CPU.ActiveCfg = Release|Any CPU
		{E17E0760-16D7-5089-8065-E047FCA64AFE}.Release|Any CPU.Build.0 = Release|Any CPU
	EndGlobalSection
	GlobalSection(SolutionProperties) = preSolution
		HideSolutionNode = FALSE
	EndGlobalSection
EndGlobal
